{
  "name": "torrust-index-api-lib",
  "version": "0.1.9",
  "lockfileVersion": 2,
  "requires": true,
  "packages": {
    "": {
      "name": "torrust-index-api-lib",
      "version": "0.1.9",
      "license": "MIT",
      "dependencies": {
        "torrust-index-types-lib": "^0.1.3"
      },
      "devDependencies": {
        "typescript": "^4.9.3"
      }
    },
    "node_modules/torrust-index-types-lib": {
      "version": "0.1.3",
      "resolved": "https://registry.npmjs.org/torrust-index-types-lib/-/torrust-index-types-lib-0.1.3.tgz",
      "integrity": "sha512-8HmS67/asuWxsWTr2em57FShLomsce1OjKIPcp0lJWMc88XrNSvZLkWJhJtikgfsu6Sz662PAguQ5+zkXPNuUw=="
    },
    "node_modules/typescript": {
      "version": "4.9.3",
      "resolved": "https://registry.npmjs.org/typescript/-/typescript-4.9.3.tgz",
      "integrity": "sha512-CIfGzTelbKNEnLpLdGFgdyKhG23CKdKgQPOBc+OUNrkJ2vr+KSzsSV5kq5iWhEQbok+quxgGzrAtGWCyU7tHnA==",
      "dev": true,
      "bin": {
        "tsc": "bin/tsc",
        "tsserver": "bin/tsserver"
      },
      "engines": {
        "node": ">=4.2.0"
      }
    }
  },
  "dependencies": {
    "torrust-index-types-lib": {
      "version": "0.1.3",
      "resolved": "https://registry.npmjs.org/torrust-index-types-lib/-/torrust-index-types-lib-0.1.3.tgz",
      "integrity": "sha512-8HmS67/asuWxsWTr2em57FShLomsce1OjKIPcp0lJWMc88XrNSvZLkWJhJtikgfsu6Sz662PAguQ5+zkXPNuUw=="
    },
    "typescript": {
      "version": "4.9.3",
      "resolved": "https://registry.npmjs.org/typescript/-/typescript-4.9.3.tgz",
      "integrity": "sha512-CIfGzTelbKNEnLpLdGFgdyKhG23CKdKgQPOBc+OUNrkJ2vr+KSzsSV5kq5iWhEQbok+quxgGzrAtGWCyU7tHnA==",
      "dev": true
    }
  }
}
